
Microsoft Visual Studio Solution File, Format Version 12.00
# Visual Studio Version 17
VisualStudioVersion = 17.11.35208.52
MinimumVisualStudioVersion = 10.0.40219.1
Project("{FAE04EC0-301F-11D3-BF4B-00C04F79EFBC}") = "ConsoleAppEfDemo", "ConsoleAppEfDemo.csproj", "{1E191BD8-9CA9-49F2-91E4-70EEB1A44755}"
EndProject
Global
	GlobalSection(SolutionConfigurationPlatforms) = preSolution
		Debug|Any CPU = Debug|Any CPU
		Release|Any CPU = Release|Any CPU
	EndGlobalSection
	GlobalSection(ProjectConfigurationPlatforms) = postSolution
		{1E191BD8-9CA9-49F2-91E4-70EEB1A44755}.Debug|Any CPU.ActiveCfg = Debug|Any CPU
		{1E191BD8-9CA9-49F2-91E4-70EEB1A44755}.Debug|Any CPU.Build.0 = Debug|Any CPU
		{1E191BD8-9CA9-49F2-91E4-70EEB1A44755}.Release|Any CPU.ActiveCfg = Release|Any CPU
		{1E191BD8-9CA9-49F2-91E4-70EEB1A44755}.Release|Any CPU.Build.0 = Release|Any CPU
	EndGlobalSection
	GlobalSection(SolutionProperties) = preSolution
		HideSolutionNode = FALSE
	EndGlobalSection
	GlobalSection(ExtensibilityGlobals) = postSolution
		SolutionGuid = {D1D8A868-8AE3-42DB-8EC7-E84D167FF486}
	EndGlobalSection
EndGlobal
